
Microsoft Visual Studio Solution File, Format Version 10.00
# Visual C# Express 2008
Project("{FAE04EC0-301F-11D3-BF4B-00C04F79EFBC}") = "DestructionXNA", "DestructionXNA\DestructionXNA.csproj", "{EE5B4168-84C7-4D84-B42E-0A72730D5F6D}"
EndProject
Project("{FAE04EC0-301F-11D3-BF4B-00C04F79EFBC}") = "DebugTool", "DebugWindow\DebugTool.csproj", "{669BC67B-0A08-4FE2-B3BF-7B2B6B952C33}"
EndProject
Project("{FAE04EC0-301F-11D3-BF4B-00C04F79EFBC}") = "JigLibX", "..\JigLibX 0.3.1\JigLibX\JigLibX.csproj", "{8A7CEF45-3501-491D-AEDA-0164060F5348}"
EndProject
Global
	GlobalSection(SolutionConfigurationPlatforms) = preSolution
		Debug|Any CPU = Debug|Any CPU
		Debug|Mixed Platforms = Debug|Mixed Platforms
		Debug|x86 = Debug|x86
		Debug|Xbox 360 = Debug|Xbox 360
		Release|Any CPU = Release|Any CPU
		Release|Mixed Platforms = Release|Mixed Platforms
		Release|x86 = Release|x86
		Release|Xbox 360 = Release|Xbox 360
	EndGlobalSection
	GlobalSection(ProjectConfigurationPlatforms) = postSolution
		{EE5B4168-84C7-4D84-B42E-0A72730D5F6D}.Debug|Any CPU.ActiveCfg = Debug|x86
		{EE5B4168-84C7-4D84-B42E-0A72730D5F6D}.Debug|Mixed Platforms.ActiveCfg = Debug|x86
		{EE5B4168-84C7-4D84-B42E-0A72730D5F6D}.Debug|Mixed Platforms.Build.0 = Debug|x86
		{EE5B4168-84C7-4D84-B42E-0A72730D5F6D}.Debug|x86.ActiveCfg = Debug|x86
		{EE5B4168-84C7-4D84-B42E-0A72730D5F6D}.Debug|x86.Build.0 = Debug|x86
		{EE5B4168-84C7-4D84-B42E-0A72730D5F6D}.Debug|Xbox 360.ActiveCfg = Debug|x86
		{EE5B4168-84C7-4D84-B42E-0A72730D5F6D}.Release|Any CPU.ActiveCfg = Release|x86
		{EE5B4168-84C7-4D84-B42E-0A72730D5F6D}.Release|Mixed Platforms.ActiveCfg = Release|x86
		{EE5B4168-84C7-4D84-B42E-0A72730D5F6D}.Release|Mixed Platforms.Build.0 = Release|x86
		{EE5B4168-84C7-4D84-B42E-0A72730D5F6D}.Release|x86.ActiveCfg = Release|x86
		{EE5B4168-84C7-4D84-B42E-0A72730D5F6D}.Release|x86.Build.0 = Release|x86
		{EE5B4168-84C7-4D84-B42E-0A72730D5F6D}.Release|Xbox 360.ActiveCfg = Release|x86
		{669BC67B-0A08-4FE2-B3BF-7B2B6B952C33}.Debug|Any CPU.ActiveCfg = Debug|Any CPU
		{669BC67B-0A08-4FE2-B3BF-7B2B6B952C33}.Debug|Any CPU.Build.0 = Debug|Any CPU
		{669BC67B-0A08-4FE2-B3BF-7B2B6B952C33}.Debug|Mixed Platforms.ActiveCfg = Debug|Any CPU
		{669BC67B-0A08-4FE2-B3BF-7B2B6B952C33}.Debug|Mixed Platforms.Build.0 = Debug|Any CPU
		{669BC67B-0A08-4FE2-B3BF-7B2B6B952C33}.Debug|x86.ActiveCfg = Debug|Any CPU
		{669BC67B-0A08-4FE2-B3BF-7B2B6B952C33}.Debug|Xbox 360.ActiveCfg = Debug|Any CPU
		{669BC67B-0A08-4FE2-B3BF-7B2B6B952C33}.Release|Any CPU.ActiveCfg = Release|Any CPU
		{669BC67B-0A08-4FE2-B3BF-7B2B6B952C33}.Release|Any CPU.Build.0 = Release|Any CPU
		{669BC67B-0A08-4FE2-B3BF-7B2B6B952C33}.Release|Mixed Platforms.ActiveCfg = Release|Any CPU
		{669BC67B-0A08-4FE2-B3BF-7B2B6B952C33}.Release|Mixed Platforms.Build.0 = Release|Any CPU
		{669BC67B-0A08-4FE2-B3BF-7B2B6B952C33}.Release|x86.ActiveCfg = Release|Any CPU
		{669BC67B-0A08-4FE2-B3BF-7B2B6B952C33}.Release|Xbox 360.ActiveCfg = Release|Any CPU
		{8A7CEF45-3501-491D-AEDA-0164060F5348}.Debug|Any CPU.ActiveCfg = Debug|x86
		{8A7CEF45-3501-491D-AEDA-0164060F5348}.Debug|Mixed Platforms.ActiveCfg = Debug|x86
		{8A7CEF45-3501-491D-AEDA-0164060F5348}.Debug|Mixed Platforms.Build.0 = Debug|x86
		{8A7CEF45-3501-491D-AEDA-0164060F5348}.Debug|x86.ActiveCfg = Debug|x86
		{8A7CEF45-3501-491D-AEDA-0164060F5348}.Debug|x86.Build.0 = Debug|x86
		{8A7CEF45-3501-491D-AEDA-0164060F5348}.Debug|Xbox 360.ActiveCfg = Debug|x86
		{8A7CEF45-3501-491D-AEDA-0164060F5348}.Release|Any CPU.ActiveCfg = Release|x86
		{8A7CEF45-3501-491D-AEDA-0164060F5348}.Release|Mixed Platforms.ActiveCfg = Release|x86
		{8A7CEF45-3501-491D-AEDA-0164060F5348}.Release|Mixed Platforms.Build.0 = Release|x86
		{8A7CEF45-3501-491D-AEDA-0164060F5348}.Release|x86.ActiveCfg = Release|x86
		{8A7CEF45-3501-491D-AEDA-0164060F5348}.Release|x86.Build.0 = Release|x86
		{8A7CEF45-3501-491D-AEDA-0164060F5348}.Release|Xbox 360.ActiveCfg = Release|x86
		{FB39B8F9-C799-4FEA-BB19-5B10CC6EEA8B}.Debug|Any CPU.ActiveCfg = Debug|x86
		{FB39B8F9-C799-4FEA-BB19-5B10CC6EEA8B}.Debug|Mixed Platforms.ActiveCfg = Debug|x86
		{FB39B8F9-C799-4FEA-BB19-5B10CC6EEA8B}.Debug|x86.ActiveCfg = Debug|x86
		{FB39B8F9-C799-4FEA-BB19-5B10CC6EEA8B}.Debug|Xbox 360.ActiveCfg = Debug|x86
		{FB39B8F9-C799-4FEA-BB19-5B10CC6EEA8B}.Release|Any CPU.ActiveCfg = Release|x86
		{FB39B8F9-C799-4FEA-BB19-5B10CC6EEA8B}.Release|Mixed Platforms.ActiveCfg = Release|x86
		{FB39B8F9-C799-4FEA-BB19-5B10CC6EEA8B}.Release|x86.ActiveCfg = Release|x86
		{FB39B8F9-C799-4FEA-BB19-5B10CC6EEA8B}.Release|Xbox 360.ActiveCfg = Release|x86
		{916ACCF4-F6BE-4DC8-A182-40E6FA419015}.Debug|Any CPU.ActiveCfg = Debug|Xbox 360
		{916ACCF4-F6BE-4DC8-A182-40E6FA419015}.Debug|Mixed Platforms.ActiveCfg = Debug|Xbox 360
		{916ACCF4-F6BE-4DC8-A182-40E6FA419015}.Debug|x86.ActiveCfg = Debug|x86
		{916ACCF4-F6BE-4DC8-A182-40E6FA419015}.Debug|Xbox 360.ActiveCfg = Debug|Xbox 360
		{916ACCF4-F6BE-4DC8-A182-40E6FA419015}.Release|Any CPU.ActiveCfg = Release|Xbox 360
		{916ACCF4-F6BE-4DC8-A182-40E6FA419015}.Release|Mixed Platforms.ActiveCfg = Release|Xbox 360
		{916ACCF4-F6BE-4DC8-A182-40E6FA419015}.Release|x86.ActiveCfg = Release|x86
		{916ACCF4-F6BE-4DC8-A182-40E6FA419015}.Release|Xbox 360.ActiveCfg = Release|Xbox 360
	EndGlobalSection
	GlobalSection(SolutionProperties) = preSolution
		HideSolutionNode = FALSE
	EndGlobalSection
EndGlobal
