
Microsoft Visual Studio Solution File, Format Version 10.00
# Visual C# Express 2008
Project("{FAE04EC0-301F-11D3-BF4B-00C04F79EFBC}") = "DestructionXNA", "DestructionXNA\DestructionXNA.csproj", "{EE5B4168-84C7-4D84-B42E-0A72730D5F6D}"
EndProject
Project("{FAE04EC0-301F-11D3-BF4B-00C04F79EFBC}") = "FarseerPhysicsXNA", "..\Farseer Physics 2.1.3 XNA with simple samples\Farseer Physics 2.1.3 XNA\FarseerPhysicsXNA.csproj", "{3CA74E02-3210-4BF8-85E9-024E9AD6F18D}"
EndProject
Project("{FAE04EC0-301F-11D3-BF4B-00C04F79EFBC}") = "SimpleSamplesXNA", "..\Farseer Physics 2.1.3 XNA with simple samples\SimpleSamplesXNA\SimpleSamplesXNA.csproj", "{F7E1D8C1-5AB0-42A9-9AFE-8F3EEEBF1307}"
EndProject
Project("{FAE04EC0-301F-11D3-BF4B-00C04F79EFBC}") = "DemoBaseXNA", "..\Farseer Physics 2.1.3 XNA with simple samples\DemoBaseXNA\DemoBaseXNA.csproj", "{691B7A20-9CD0-486D-87C4-8BD8001FE8FA}"
EndProject
Project("{FAE04EC0-301F-11D3-BF4B-00C04F79EFBC}") = "DebugTool", "DebugWindow\DebugTool.csproj", "{669BC67B-0A08-4FE2-B3BF-7B2B6B952C33}"
EndProject
Global
	GlobalSection(SolutionConfigurationPlatforms) = preSolution
		Debug|Any CPU = Debug|Any CPU
		Debug|Mixed Platforms = Debug|Mixed Platforms
		Debug|x86 = Debug|x86
		Release|Any CPU = Release|Any CPU
		Release|Mixed Platforms = Release|Mixed Platforms
		Release|x86 = Release|x86
	EndGlobalSection
	GlobalSection(ProjectConfigurationPlatforms) = postSolution
		{EE5B4168-84C7-4D84-B42E-0A72730D5F6D}.Debug|Any CPU.ActiveCfg = Debug|x86
		{EE5B4168-84C7-4D84-B42E-0A72730D5F6D}.Debug|Mixed Platforms.ActiveCfg = Debug|x86
		{EE5B4168-84C7-4D84-B42E-0A72730D5F6D}.Debug|Mixed Platforms.Build.0 = Debug|x86
		{EE5B4168-84C7-4D84-B42E-0A72730D5F6D}.Debug|x86.ActiveCfg = Debug|x86
		{EE5B4168-84C7-4D84-B42E-0A72730D5F6D}.Debug|x86.Build.0 = Debug|x86
		{EE5B4168-84C7-4D84-B42E-0A72730D5F6D}.Release|Any CPU.ActiveCfg = Release|x86
		{EE5B4168-84C7-4D84-B42E-0A72730D5F6D}.Release|Mixed Platforms.ActiveCfg = Release|x86
		{EE5B4168-84C7-4D84-B42E-0A72730D5F6D}.Release|Mixed Platforms.Build.0 = Release|x86
		{EE5B4168-84C7-4D84-B42E-0A72730D5F6D}.Release|x86.ActiveCfg = Release|x86
		{EE5B4168-84C7-4D84-B42E-0A72730D5F6D}.Release|x86.Build.0 = Release|x86
		{3CA74E02-3210-4BF8-85E9-024E9AD6F18D}.Debug|Any CPU.ActiveCfg = Debug|x86
		{3CA74E02-3210-4BF8-85E9-024E9AD6F18D}.Debug|Mixed Platforms.ActiveCfg = Debug|x86
		{3CA74E02-3210-4BF8-85E9-024E9AD6F18D}.Debug|Mixed Platforms.Build.0 = Debug|x86
		{3CA74E02-3210-4BF8-85E9-024E9AD6F18D}.Debug|x86.ActiveCfg = Debug|x86
		{3CA74E02-3210-4BF8-85E9-024E9AD6F18D}.Debug|x86.Build.0 = Debug|x86
		{3CA74E02-3210-4BF8-85E9-024E9AD6F18D}.Release|Any CPU.ActiveCfg = Release|x86
		{3CA74E02-3210-4BF8-85E9-024E9AD6F18D}.Release|Mixed Platforms.ActiveCfg = Release|x86
		{3CA74E02-3210-4BF8-85E9-024E9AD6F18D}.Release|Mixed Platforms.Build.0 = Release|x86
		{3CA74E02-3210-4BF8-85E9-024E9AD6F18D}.Release|x86.ActiveCfg = Release|x86
		{3CA74E02-3210-4BF8-85E9-024E9AD6F18D}.Release|x86.Build.0 = Release|x86
		{F7E1D8C1-5AB0-42A9-9AFE-8F3EEEBF1307}.Debug|Any CPU.ActiveCfg = Debug|x86
		{F7E1D8C1-5AB0-42A9-9AFE-8F3EEEBF1307}.Debug|Mixed Platforms.ActiveCfg = Debug|x86
		{F7E1D8C1-5AB0-42A9-9AFE-8F3EEEBF1307}.Debug|Mixed Platforms.Build.0 = Debug|x86
		{F7E1D8C1-5AB0-42A9-9AFE-8F3EEEBF1307}.Debug|x86.ActiveCfg = Debug|x86
		{F7E1D8C1-5AB0-42A9-9AFE-8F3EEEBF1307}.Debug|x86.Build.0 = Debug|x86
		{F7E1D8C1-5AB0-42A9-9AFE-8F3EEEBF1307}.Release|Any CPU.ActiveCfg = Release|x86
		{F7E1D8C1-5AB0-42A9-9AFE-8F3EEEBF1307}.Release|Mixed Platforms.ActiveCfg = Release|x86
		{F7E1D8C1-5AB0-42A9-9AFE-8F3EEEBF1307}.Release|Mixed Platforms.Build.0 = Release|x86
		{F7E1D8C1-5AB0-42A9-9AFE-8F3EEEBF1307}.Release|x86.ActiveCfg = Release|x86
		{F7E1D8C1-5AB0-42A9-9AFE-8F3EEEBF1307}.Release|x86.Build.0 = Release|x86
		{691B7A20-9CD0-486D-87C4-8BD8001FE8FA}.Debug|Any CPU.ActiveCfg = Debug|x86
		{691B7A20-9CD0-486D-87C4-8BD8001FE8FA}.Debug|Mixed Platforms.ActiveCfg = Debug|x86
		{691B7A20-9CD0-486D-87C4-8BD8001FE8FA}.Debug|Mixed Platforms.Build.0 = Debug|x86
		{691B7A20-9CD0-486D-87C4-8BD8001FE8FA}.Debug|x86.ActiveCfg = Debug|x86
		{691B7A20-9CD0-486D-87C4-8BD8001FE8FA}.Debug|x86.Build.0 = Debug|x86
		{691B7A20-9CD0-486D-87C4-8BD8001FE8FA}.Release|Any CPU.ActiveCfg = Release|x86
		{691B7A20-9CD0-486D-87C4-8BD8001FE8FA}.Release|Mixed Platforms.ActiveCfg = Release|x86
		{691B7A20-9CD0-486D-87C4-8BD8001FE8FA}.Release|Mixed Platforms.Build.0 = Release|x86
		{691B7A20-9CD0-486D-87C4-8BD8001FE8FA}.Release|x86.ActiveCfg = Release|x86
		{691B7A20-9CD0-486D-87C4-8BD8001FE8FA}.Release|x86.Build.0 = Release|x86
		{FB39B8F9-C799-4FEA-BB19-5B10CC6EEA8B}.Debug|Any CPU.ActiveCfg = Debug|x86
		{FB39B8F9-C799-4FEA-BB19-5B10CC6EEA8B}.Debug|Mixed Platforms.ActiveCfg = Debug|x86
		{FB39B8F9-C799-4FEA-BB19-5B10CC6EEA8B}.Debug|x86.ActiveCfg = Debug|x86
		{FB39B8F9-C799-4FEA-BB19-5B10CC6EEA8B}.Release|Any CPU.ActiveCfg = Release|x86
		{FB39B8F9-C799-4FEA-BB19-5B10CC6EEA8B}.Release|Mixed Platforms.ActiveCfg = Release|x86
		{FB39B8F9-C799-4FEA-BB19-5B10CC6EEA8B}.Release|x86.ActiveCfg = Release|x86
		{5DB75E98-A054-4091-AB49-F5DB0F17F771}.Debug|Any CPU.ActiveCfg = Debug|x86
		{5DB75E98-A054-4091-AB49-F5DB0F17F771}.Debug|Mixed Platforms.ActiveCfg = Debug|x86
		{5DB75E98-A054-4091-AB49-F5DB0F17F771}.Debug|x86.ActiveCfg = Debug|x86
		{5DB75E98-A054-4091-AB49-F5DB0F17F771}.Release|Any CPU.ActiveCfg = Release|x86
		{5DB75E98-A054-4091-AB49-F5DB0F17F771}.Release|Mixed Platforms.ActiveCfg = Release|x86
		{5DB75E98-A054-4091-AB49-F5DB0F17F771}.Release|x86.ActiveCfg = Release|x86
		{D02CA378-A184-49AD-91D5-C017D1559CAC}.Debug|Any CPU.ActiveCfg = Debug|x86
		{D02CA378-A184-49AD-91D5-C017D1559CAC}.Debug|Mixed Platforms.ActiveCfg = Debug|x86
		{D02CA378-A184-49AD-91D5-C017D1559CAC}.Debug|x86.ActiveCfg = Debug|x86
		{D02CA378-A184-49AD-91D5-C017D1559CAC}.Release|Any CPU.ActiveCfg = Release|x86
		{D02CA378-A184-49AD-91D5-C017D1559CAC}.Release|Mixed Platforms.ActiveCfg = Release|x86
		{D02CA378-A184-49AD-91D5-C017D1559CAC}.Release|x86.ActiveCfg = Release|x86
		{DE1C7B50-5EB5-475E-8091-102C3ADAD27E}.Debug|Any CPU.ActiveCfg = Debug|x86
		{DE1C7B50-5EB5-475E-8091-102C3ADAD27E}.Debug|Mixed Platforms.ActiveCfg = Debug|x86
		{DE1C7B50-5EB5-475E-8091-102C3ADAD27E}.Debug|x86.ActiveCfg = Debug|x86
		{DE1C7B50-5EB5-475E-8091-102C3ADAD27E}.Release|Any CPU.ActiveCfg = Release|x86
		{DE1C7B50-5EB5-475E-8091-102C3ADAD27E}.Release|Mixed Platforms.ActiveCfg = Release|x86
		{DE1C7B50-5EB5-475E-8091-102C3ADAD27E}.Release|x86.ActiveCfg = Release|x86
		{669BC67B-0A08-4FE2-B3BF-7B2B6B952C33}.Debug|Any CPU.ActiveCfg = Debug|Any CPU
		{669BC67B-0A08-4FE2-B3BF-7B2B6B952C33}.Debug|Any CPU.Build.0 = Debug|Any CPU
		{669BC67B-0A08-4FE2-B3BF-7B2B6B952C33}.Debug|Mixed Platforms.ActiveCfg = Debug|Any CPU
		{669BC67B-0A08-4FE2-B3BF-7B2B6B952C33}.Debug|Mixed Platforms.Build.0 = Debug|Any CPU
		{669BC67B-0A08-4FE2-B3BF-7B2B6B952C33}.Debug|x86.ActiveCfg = Debug|Any CPU
		{669BC67B-0A08-4FE2-B3BF-7B2B6B952C33}.Release|Any CPU.ActiveCfg = Release|Any CPU
		{669BC67B-0A08-4FE2-B3BF-7B2B6B952C33}.Release|Any CPU.Build.0 = Release|Any CPU
		{669BC67B-0A08-4FE2-B3BF-7B2B6B952C33}.Release|Mixed Platforms.ActiveCfg = Release|Any CPU
		{669BC67B-0A08-4FE2-B3BF-7B2B6B952C33}.Release|Mixed Platforms.Build.0 = Release|Any CPU
		{669BC67B-0A08-4FE2-B3BF-7B2B6B952C33}.Release|x86.ActiveCfg = Release|Any CPU
	EndGlobalSection
	GlobalSection(SolutionProperties) = preSolution
		HideSolutionNode = FALSE
	EndGlobalSection
EndGlobal
